
Microsoft Visual Studio Solution File, Format Version 12.00
# Visual Studio 14
VisualStudioVersion = 14.0.23107.0
MinimumVisualStudioVersion = 10.0.40219.1
Project("{FAE04EC0-301F-11D3-BF4B-00C04F79EFBC}") = "WcfFaultsLib", "WcfFaults\WcfFaultsLib.csproj", "{F6F2A800-3557-4B7B-BFE0-1937A3C9AA83}"
EndProject
Project("{FAE04EC0-301F-11D3-BF4B-00C04F79EFBC}") = "WcfFaultsHost", "WcfFaultsHost\WcfFaultsHost.csproj", "{C1B2257D-2CE0-459E-82AF-9D45CD723EFD}"
EndProject
Project("{FAE04EC0-301F-11D3-BF4B-00C04F79EFBC}") = "WcfFaultsClient", "WcfFaultsClient\WcfFaultsClient.csproj", "{597A73B8-F37B-4FAD-863D-34E718B10B25}"
EndProject
Global
	GlobalSection(SolutionConfigurationPlatforms) = preSolution
		Debug|Any CPU = Debug|Any CPU
		Release|Any CPU = Release|Any CPU
	EndGlobalSection
	GlobalSection(ProjectConfigurationPlatforms) = postSolution
		{F6F2A800-3557-4B7B-BFE0-1937A3C9AA83}.Debug|Any CPU.ActiveCfg = Debug|Any CPU
		{F6F2A800-3557-4B7B-BFE0-1937A3C9AA83}.Debug|Any CPU.Build.0 = Debug|Any CPU
		{F6F2A800-3557-4B7B-BFE0-1937A3C9AA83}.Release|Any CPU.ActiveCfg = Release|Any CPU
		{F6F2A800-3557-4B7B-BFE0-1937A3C9AA83}.Release|Any CPU.Build.0 = Release|Any CPU
		{C1B2257D-2CE0-459E-82AF-9D45CD723EFD}.Debug|Any CPU.ActiveCfg = Debug|Any CPU
		{C1B2257D-2CE0-459E-82AF-9D45CD723EFD}.Debug|Any CPU.Build.0 = Debug|Any CPU
		{C1B2257D-2CE0-459E-82AF-9D45CD723EFD}.Release|Any CPU.ActiveCfg = Release|Any CPU
		{C1B2257D-2CE0-459E-82AF-9D45CD723EFD}.Release|Any CPU.Build.0 = Release|Any CPU
		{597A73B8-F37B-4FAD-863D-34E718B10B25}.Debug|Any CPU.ActiveCfg = Debug|Any CPU
		{597A73B8-F37B-4FAD-863D-34E718B10B25}.Debug|Any CPU.Build.0 = Debug|Any CPU
		{597A73B8-F37B-4FAD-863D-34E718B10B25}.Release|Any CPU.ActiveCfg = Release|Any CPU
		{597A73B8-F37B-4FAD-863D-34E718B10B25}.Release|Any CPU.Build.0 = Release|Any CPU
	EndGlobalSection
	GlobalSection(SolutionProperties) = preSolution
		HideSolutionNode = FALSE
	EndGlobalSection
EndGlobal
